
Microsoft Visual Studio Solution File, Format Version 12.00
# Visual Studio Version 17
VisualStudioVersion = 17.13.36105.23 d17.13
MinimumVisualStudioVersion = 10.0.40219.1
Project("{8BC9CEB8-8B4A-11D0-8D11-00A0C91BC942}") = "dx12triangle", "dx12triangle\dx12triangle.vcxproj", "{FC9BB182-EE44-4221-9996-326B81B73589}"
EndProject
Global
	GlobalSection(SolutionConfigurationPlatforms) = preSolution
		Debug|x64 = Debug|x64
		Debug|x86 = Debug|x86
		Release|x64 = Release|x64
		Release|x86 = Release|x86
	EndGlobalSection
	GlobalSection(ProjectConfigurationPlatforms) = postSolution
		{FC9BB182-EE44-4221-9996-326B81B73589}.Debug|x64.ActiveCfg = Debug|x64
		{FC9BB182-EE44-4221-9996-326B81B73589}.Debug|x64.Build.0 = Debug|x64
		{FC9BB182-EE44-4221-9996-326B81B73589}.Debug|x86.ActiveCfg = Debug|Win32
		{FC9BB182-EE44-4221-9996-326B81B73589}.Debug|x86.Build.0 = Debug|Win32
		{FC9BB182-EE44-4221-9996-326B81B73589}.Release|x64.ActiveCfg = Release|x64
		{FC9BB182-EE44-4221-9996-326B81B73589}.Release|x64.Build.0 = Release|x64
		{FC9BB182-EE44-4221-9996-326B81B73589}.Release|x86.ActiveCfg = Release|Win32
		{FC9BB182-EE44-4221-9996-326B81B73589}.Release|x86.Build.0 = Release|Win32
	EndGlobalSection
	GlobalSection(SolutionProperties) = preSolution
		HideSolutionNode = FALSE
	EndGlobalSection
	GlobalSection(ExtensibilityGlobals) = postSolution
		SolutionGuid = {D2399D77-D506-4DFC-AA73-4678D0B3F6D4}
	EndGlobalSection
EndGlobal
